# generated by rye
# use `rye lock` or `rye sync` to update this lockfile
#
# last locked with the following flags:
#   pre: false
#   features: ["torch"]
#   all-features: false
#   with-sources: true

--extra-index-url https://download.pytorch.org/whl/cpu
--index-url https://pypi.org/simple/

-e file:.
anyio==4.2.0
    # via httpx
    # via litestar
certifi==2024.2.2
    # via httpcore
    # via httpx
click==8.1.7
    # via litestar
    # via rich-click
    # via uvicorn
# faker==23.2.1 (excluded)
    # via polyfactory
# filelock==3.13.1 (excluded)
    # via torch
# fsspec==2024.2.0 (excluded)
    # via torch
h11==0.14.0
    # via httpcore
    # via uvicorn
httpcore==1.0.3
    # via httpx
httpx==0.26.0
    # via litestar
idna==3.6
    # via anyio
    # via httpx
# jinja2==3.1.3 (excluded)
    # via torch
litestar==2.6.1
    # via silero-tts-api-server
markdown-it-py==3.0.0
    # via rich
# markupsafe==2.1.5 (excluded)
    # via jinja2
mdurl==0.1.2
    # via markdown-it-py
# mpmath==1.3.0 (excluded)
    # via sympy
msgspec==0.18.6
    # via litestar
multidict==6.0.5
    # via litestar
# networkx==3.2.1 (excluded)
    # via torch
numpy==1.26.4
    # via silero-tts-api-server
# polyfactory==2.14.1 (excluded)
    # via litestar
pygments==2.17.2
    # via rich
python-dateutil==2.8.2
    # via faker
python-dotenv==1.0.1
    # via silero-tts-api-server
pyyaml==6.0.1
    # via litestar
rich==13.7.0
    # via litestar
    # via rich-click
rich-click==1.7.3
    # via litestar
# six==1.16.0 (excluded)
    # via python-dateutil
sniffio==1.3.0
    # via anyio
    # via httpx
# sympy==1.12 (excluded)
    # via torch
torch==2.2.0
    # via silero-tts-api-server
typing-extensions==4.9.0
    # via litestar
    # via polyfactory
    # via rich-click
    # via torch
uvicorn==0.27.1
    # via silero-tts-api-server
